schema: '2.0'
stages:
  download_data:
    cmd: python -m gan_busters.data_pipeline.download
    deps:
    - path: gan_busters/data_pipeline/download.py
      hash: md5
      md5: 550a321432d5cfca6a02479875fe2bd7
      size: 517
    outs:
    - path: data/raw
      hash: md5
      md5: 76bf9515419c312936952f208e4f860e.dir
      size: 110717853
      nfiles: 120001
  corrupt_data:
    cmd: py -m gan_busters.corrupt_data
    deps:
    - path: data/raw/cifake
      hash: md5
      md5: 368eb180912a1a0a8a728661e983a66a.dir
      size: 110717853
      nfiles: 120000
    - path: gan_busters/corrupt_data.py
      hash: md5
      md5: 4cf258e292d6efe94ebe866b5cf5065c
      size: 4306
    outs:
    - path: data/interim/cifake_corrupted
      hash: md5
      md5: 8f4d23af806d6558d4574098c4662aef.dir
      size: 113697684
      nfiles: 122400
  build_features:
    cmd: py -m gan_busters.features
    deps:
    - path: data/interim/cifake_corrupted
      hash: md5
      md5: 8f4d23af806d6558d4574098c4662aef.dir
      size: 113697684
      nfiles: 122400
    - path: gan_busters/features.py
      hash: md5
      md5: e7014e9a5a84de2088a2c4cc2ed4f417
      size: 2960
    outs:
    - path: data/processed/cifake_clean
      hash: md5
      md5: 14ec4323c440fea6fb670dcf0ab668d5.dir
      size: 103407171
      nfiles: 118231
  inspect_data:
    cmd: python -m gan_busters.data_pipeline.inspect
    deps:
    - path: data/raw
      hash: md5
      md5: 76bf9515419c312936952f208e4f860e.dir
      size: 110717853
      nfiles: 120001
    - path: gan_busters/config.py
      hash: md5
      md5: d1c7742bfb5f7317f5e46d9b46249f05
      size: 3261
    - path: gan_busters/data_pipeline/inspect.py
      hash: md5
      md5: bd557a340f0d9348e5d9810cb59b6476
      size: 5206
    outs:
    - path: data/interim
      hash: md5
      md5: 6cfa18976db2ccfddb26d329d973cf80.dir
      size: 13472948
      nfiles: 1
  data_integrity:
    cmd: python -m gan_busters.data_pipeline.data_integrity
    deps:
    - path: data/interim/inspected_records.csv
      hash: md5
      md5: db157acbf838707046866e3405175416
      size: 13472948
    - path: gan_busters/config.py
      hash: md5
      md5: d1c7742bfb5f7317f5e46d9b46249f05
      size: 3261
    - path: gan_busters/data_pipeline/data_integrity.py
      hash: md5
      md5: 7ab329c3ee3f6638addbe5cc09669559
      size: 10254
    outs:
    - path: data/processed
      hash: md5
      md5: 2014054f328cedb75a97fe68478da395.dir
      size: 12753216
      nfiles: 2
