schema: '2.0'
stages:
  download_data:
    cmd: py -m gan_busters.dataset
    outs:
    - path: data/raw/cifake
      hash: md5
      md5: 368eb180912a1a0a8a728661e983a66a.dir
      size: 110717853
      nfiles: 120000
  corrupt_data:
    cmd: py -m gan_busters.corrupt_data
    deps:
    - path: data/raw/cifake
      hash: md5
      md5: 368eb180912a1a0a8a728661e983a66a.dir
      size: 110717853
      nfiles: 120000
    - path: gan_busters/corrupt_data.py
      hash: md5
      md5: 4cf258e292d6efe94ebe866b5cf5065c
      size: 4306
    outs:
    - path: data/interim/cifake_corrupted
      hash: md5
      md5: 8f4d23af806d6558d4574098c4662aef.dir
      size: 113697684
      nfiles: 122400
  build_features:
    cmd: py -m gan_busters.features
    deps:
    - path: data/interim/cifake_corrupted
      hash: md5
      md5: 8f4d23af806d6558d4574098c4662aef.dir
      size: 113697684
      nfiles: 122400
    - path: gan_busters/features.py
      hash: md5
      md5: e7014e9a5a84de2088a2c4cc2ed4f417
      size: 2960
    outs:
    - path: data/processed/cifake_clean
      hash: md5
      md5: 14ec4323c440fea6fb670dcf0ab668d5.dir
      size: 103407171
      nfiles: 118231
